
Microsoft Visual Studio Solution File, Format Version 12.00
# Visual Studio Version 17
VisualStudioVersion = 17.7.34221.43
MinimumVisualStudioVersion = 10.0.40219.1
Project("{FAE04EC0-301F-11D3-BF4B-00C04F79EFBC}") = "Klausur_Aufgabe01", "Klausur_Aufgabe01\Klausur_Aufgabe01.csproj", "{FD3682C1-2444-40CA-8F9D-85006EE17EED}"
EndProject
Global
	GlobalSection(SolutionConfigurationPlatforms) = preSolution
		Debug|Any CPU = Debug|Any CPU
		Release|Any CPU = Release|Any CPU
	EndGlobalSection
	GlobalSection(ProjectConfigurationPlatforms) = postSolution
		{FD3682C1-2444-40CA-8F9D-85006EE17EED}.Debug|Any CPU.ActiveCfg = Debug|Any CPU
		{FD3682C1-2444-40CA-8F9D-85006EE17EED}.Debug|Any CPU.Build.0 = Debug|Any CPU
		{FD3682C1-2444-40CA-8F9D-85006EE17EED}.Release|Any CPU.ActiveCfg = Release|Any CPU
		{FD3682C1-2444-40CA-8F9D-85006EE17EED}.Release|Any CPU.Build.0 = Release|Any CPU
	EndGlobalSection
	GlobalSection(SolutionProperties) = preSolution
		HideSolutionNode = FALSE
	EndGlobalSection
	GlobalSection(ExtensibilityGlobals) = postSolution
		SolutionGuid = {5ACD6015-5A6C-430E-8899-C1674DE16CE3}
	EndGlobalSection
EndGlobal
